
Microsoft Visual Studio Solution File, Format Version 12.00
# Visual Studio 15
VisualStudioVersion = 15.0.27004.2009
MinimumVisualStudioVersion = 10.0.40219.1
Project("{FAE04EC0-301F-11D3-BF4B-00C04F79EFBC}") = "CODE.Framework.Core.ServiceHandler", "CODE.Framework.Core.ServiceHandler\CODE.Framework.Core.ServiceHandler.csproj", "{30D28BF8-4665-4F52-95A6-26A69E8A916A}"
EndProject
Project("{FAE04EC0-301F-11D3-BF4B-00C04F79EFBC}") = "CODE.Framework.Core.ServiceHandler.Web", "CODE.Framework.Core.ServiceHandler.Web\CODE.Framework.Core.ServiceHandler.Web.csproj", "{15D5B4C6-9C11-44D8-BDA6-C1C82D743236}"
EndProject
Global
	GlobalSection(SolutionConfigurationPlatforms) = preSolution
		Debug|Any CPU = Debug|Any CPU
		Release|Any CPU = Release|Any CPU
	EndGlobalSection
	GlobalSection(ProjectConfigurationPlatforms) = postSolution
		{30D28BF8-4665-4F52-95A6-26A69E8A916A}.Debug|Any CPU.ActiveCfg = Debug|Any CPU
		{30D28BF8-4665-4F52-95A6-26A69E8A916A}.Debug|Any CPU.Build.0 = Debug|Any CPU
		{30D28BF8-4665-4F52-95A6-26A69E8A916A}.Release|Any CPU.ActiveCfg = Release|Any CPU
		{30D28BF8-4665-4F52-95A6-26A69E8A916A}.Release|Any CPU.Build.0 = Release|Any CPU
		{15D5B4C6-9C11-44D8-BDA6-C1C82D743236}.Debug|Any CPU.ActiveCfg = Debug|Any CPU
		{15D5B4C6-9C11-44D8-BDA6-C1C82D743236}.Debug|Any CPU.Build.0 = Debug|Any CPU
		{15D5B4C6-9C11-44D8-BDA6-C1C82D743236}.Release|Any CPU.ActiveCfg = Release|Any CPU
		{15D5B4C6-9C11-44D8-BDA6-C1C82D743236}.Release|Any CPU.Build.0 = Release|Any CPU
	EndGlobalSection
	GlobalSection(SolutionProperties) = preSolution
		HideSolutionNode = FALSE
	EndGlobalSection
	GlobalSection(ExtensibilityGlobals) = postSolution
		SolutionGuid = {8BEB6227-12A9-4DBF-B5E1-1BEA1177E991}
	EndGlobalSection
EndGlobal
